{
    "name": "vscode-testscript",
    "version": "0.0.6",
    "lockfileVersion": 3,
    "requires": true,
    "packages": {
        "": {
            "name": "vscode-testscript",
            "version": "0.0.6",
            "engines": {
                "vscode": "^1.62.0"
            }
        }
    }
}
